Microsoft Visual Studio Solution File, Format Version 12.00
# Visual Studio Version 17
VisualStudioVersion = 17.5.2.0
MinimumVisualStudioVersion = 10.0.40219.1
Project("{FAE04EC0-301F-11D3-BF4B-00C04F79EFBC}") = "MyWebApp02", "MyWebApp02.csproj", "{DDA82D8C-395C-1326-1116-BDB5AF5D70E8}"
EndProject
Global
	GlobalSection(SolutionConfigurationPlatforms) = preSolution
		Debug|Any CPU = Debug|Any CPU
		Release|Any CPU = Release|Any CPU
	EndGlobalSection
	GlobalSection(ProjectConfigurationPlatforms) = postSolution
		{DDA82D8C-395C-1326-1116-BDB5AF5D70E8}.Debug|Any CPU.ActiveCfg = Debug|Any CPU
		{DDA82D8C-395C-1326-1116-BDB5AF5D70E8}.Debug|Any CPU.Build.0 = Debug|Any CPU
		{DDA82D8C-395C-1326-1116-BDB5AF5D70E8}.Release|Any CPU.ActiveCfg = Release|Any CPU
		{DDA82D8C-395C-1326-1116-BDB5AF5D70E8}.Release|Any CPU.Build.0 = Release|Any CPU
	EndGlobalSection
	GlobalSection(SolutionProperties) = preSolution
		HideSolutionNode = FALSE
	EndGlobalSection
	GlobalSection(ExtensibilityGlobals) = postSolution
		SolutionGuid = {F3909084-A3EA-4419-819D-B7433B29F6BB}
	EndGlobalSection
EndGlobal
