Microsoft Visual Studio Solution File, Format Version 12.00
# Visual Studio Version 17
VisualStudioVersion = 17.5.2.0
MinimumVisualStudioVersion = 10.0.40219.1
Project("{FAE04EC0-301F-11D3-BF4B-00C04F79EFBC}") = "MyClientApp11", "MyClientApp11.csproj", "{E0B57E3A-B702-87ED-601C-F989C78B1C69}"
EndProject
Global
	GlobalSection(SolutionConfigurationPlatforms) = preSolution
		Debug|Any CPU = Debug|Any CPU
		Release|Any CPU = Release|Any CPU
	EndGlobalSection
	GlobalSection(ProjectConfigurationPlatforms) = postSolution
		{E0B57E3A-B702-87ED-601C-F989C78B1C69}.Debug|Any CPU.ActiveCfg = Debug|Any CPU
		{E0B57E3A-B702-87ED-601C-F989C78B1C69}.Debug|Any CPU.Build.0 = Debug|Any CPU
		{E0B57E3A-B702-87ED-601C-F989C78B1C69}.Release|Any CPU.ActiveCfg = Release|Any CPU
		{E0B57E3A-B702-87ED-601C-F989C78B1C69}.Release|Any CPU.Build.0 = Release|Any CPU
	EndGlobalSection
	GlobalSection(SolutionProperties) = preSolution
		HideSolutionNode = FALSE
	EndGlobalSection
	GlobalSection(ExtensibilityGlobals) = postSolution
		SolutionGuid = {6985CD2F-27FF-4708-B0C9-EB7B74D1710F}
	EndGlobalSection
EndGlobal
